// !$*UTF8*$!
{
	archiveVersion = 1;
	classes = {
	};
	objectVersion = 52;
	objects = {

/* Begin PBXBuildFile section */
		27C61BC49EBD0136502C2635 /* Pods_NomiGuinTests.framework in Frameworks */ = {isa = PBXBuildFile; fileRef = 5304DDE0713DFD56D9C3D1A9 /* Pods_NomiGuinTests.framework */; };
		348797C5AAA63659ACF36403 /* Pods_NomiGuinUITests.framework in Frameworks */ = {isa = PBXBuildFile; fileRef = DC858979F97CE53AE5C3828D /* Pods_NomiGuinUITests.framework */; };
		465E3EC3A69277E6CD466C62 /* Pods_NomiGuin.framework in Frameworks */ = {isa = PBXBuildFile; fileRef = B83E00A968FBA849F28B461D /* Pods_NomiGuin.framework */; };
		601DDFE4251DE666004AFF22 /* AddDrinkModel.swift in Sources */ = {isa = PBXBuildFile; fileRef = 601DDFE3251DE666004AFF22 /* AddDrinkModel.swift */; };
		601DDFE9251DE90E004AFF22 /* Drinkables.swift in Sources */ = {isa = PBXBuildFile; fileRef = 601DDFE8251DE90E004AFF22 /* Drinkables.swift */; };
		60AE7A54251C87EE0065CE47 /* AppDelegate.swift in Sources */ = {isa = PBXBuildFile; fileRef = 60AE7A53251C87EE0065CE47 /* AppDelegate.swift */; };
		60AE7A56251C87EE0065CE47 /* SceneDelegate.swift in Sources */ = {isa = PBXBuildFile; fileRef = 60AE7A55251C87EE0065CE47 /* SceneDelegate.swift */; };
		60AE7A5B251C87EE0065CE47 /* Main.storyboard in Resources */ = {isa = PBXBuildFile; fileRef = 60AE7A59251C87EE0065CE47 /* Main.storyboard */; };
		60AE7A5E251C87EE0065CE47 /* NomiGuin.xcdatamodeld in Sources */ = {isa = PBXBuildFile; fileRef = 60AE7A5C251C87EE0065CE47 /* NomiGuin.xcdatamodeld */; };
		60AE7A60251C87F10065CE47 /* Assets.xcassets in Resources */ = {isa = PBXBuildFile; fileRef = 60AE7A5F251C87F10065CE47 /* Assets.xcassets */; };
		60AE7A63251C87F10065CE47 /* LaunchScreen.storyboard in Resources */ = {isa = PBXBuildFile; fileRef = 60AE7A61251C87F10065CE47 /* LaunchScreen.storyboard */; };
		60AE7A6E251C87F10065CE47 /* NomiGuinTests.swift in Sources */ = {isa = PBXBuildFile; fileRef = 60AE7A6D251C87F10065CE47 /* NomiGuinTests.swift */; };
		60AE7A79251C87F10065CE47 /* NomiGuinUITests.swift in Sources */ = {isa = PBXBuildFile; fileRef = 60AE7A78251C87F10065CE47 /* NomiGuinUITests.swift */; };
		60AE7AB9251DA6900065CE47 /* NomiUser.swift in Sources */ = {isa = PBXBuildFile; fileRef = 60AE7AB8251DA6900065CE47 /* NomiUser.swift */; };
		60AE7AC2251DA8010065CE47 /* NomiTableViewCell.swift in Sources */ = {isa = PBXBuildFile; fileRef = 60AE7AC0251DA8010065CE47 /* NomiTableViewCell.swift */; };
		60AE7AC3251DA8010065CE47 /* NomiTableViewCell.xib in Resources */ = {isa = PBXBuildFile; fileRef = 60AE7AC1251DA8010065CE47 /* NomiTableViewCell.xib */; };
		60AE7AD2251DABF30065CE47 /* FriendsModel.swift in Sources */ = {isa = PBXBuildFile; fileRef = 60AE7AD1251DABF30065CE47 /* FriendsModel.swift */; };
		D70DCE98251C9EE8007D4AB1 /* RegisterUserViewController.swift in Sources */ = {isa = PBXBuildFile; fileRef = D70DCE97251C9EE8007D4AB1 /* RegisterUserViewController.swift */; };
		D70DCE9C251CA0B1007D4AB1 /* FriendsViewController.swift in Sources */ = {isa = PBXBuildFile; fileRef = D70DCE9B251CA0B1007D4AB1 /* FriendsViewController.swift */; };
		D70DCE9E251CA0BB007D4AB1 /* AddDrinkViewController.swift in Sources */ = {isa = PBXBuildFile; fileRef = D70DCE9D251CA0BB007D4AB1 /* AddDrinkViewController.swift */; };
		D7B787BF251D8F4100C512B3 /* FirebaseAuthAPI.swift in Sources */ = {isa = PBXBuildFile; fileRef = D7B787BE251D8F4100C512B3 /* FirebaseAuthAPI.swift */; };
		D7CE79E3251DEE8500EF92E9 /* SkyFloatingLabelTextField in Frameworks */ = {isa = PBXBuildFile; productRef = D7CE79E2251DEE8500EF92E9 /* SkyFloatingLabelTextField */; };
		D7D89827251C9099002588E6 /* GoogleService-Info.plist in Resources */ = {isa = PBXBuildFile; fileRef = D7D89826251C9099002588E6 /* GoogleService-Info.plist */; };
/* End PBXBuildFile section */

/* Begin PBXContainerItemProxy section */
		60AE7A6A251C87F10065CE47 /* PBXContainerItemProxy */ = {
			isa = PBXContainerItemProxy;
			containerPortal = 60AE7A48251C87EE0065CE47 /* Project object */;
			proxyType = 1;
			remoteGlobalIDString = 60AE7A4F251C87EE0065CE47;
			remoteInfo = NomiGuin;
		};
		60AE7A75251C87F10065CE47 /* PBXContainerItemProxy */ = {
			isa = PBXContainerItemProxy;
			containerPortal = 60AE7A48251C87EE0065CE47 /* Project object */;
			proxyType = 1;
			remoteGlobalIDString = 60AE7A4F251C87EE0065CE47;
			remoteInfo = NomiGuin;
		};
/* End PBXContainerItemProxy section */

/* Begin PBXFileReference section */
		06C3C39699B689AFCF28B15E /* Pods-NomiGuin.debug.xcconfig */ = {isa = PBXFileReference; includeInIndex = 1; lastKnownFileType = text.xcconfig; name = "Pods-NomiGuin.debug.xcconfig"; path = "Target Support Files/Pods-NomiGuin/Pods-NomiGuin.debug.xcconfig"; sourceTree = "<group>"; };
		29D4A63E35013841A429E571 /* Pods_NomiGuinUITests.framework */ = {isa = PBXFileReference; explicitFileType = wrapper.framework; includeInIndex = 0; path = Pods_NomiGuinUITests.framework; sourceTree = BUILT_PRODUCTS_DIR; };
		3FE7D1880ED35A2C20B85B98 /* Pods_NomiGuinTests.framework */ = {isa = PBXFileReference; explicitFileType = wrapper.framework; includeInIndex = 0; path = Pods_NomiGuinTests.framework; sourceTree = BUILT_PRODUCTS_DIR; };
		601DDFE3251DE666004AFF22 /* AddDrinkModel.swift */ = {isa = PBXFileReference; lastKnownFileType = sourcecode.swift; path = AddDrinkModel.swift; sourceTree = "<group>"; };
		601DDFE8251DE90E004AFF22 /* Drinkables.swift */ = {isa = PBXFileReference; lastKnownFileType = sourcecode.swift; path = Drinkables.swift; sourceTree = "<group>"; };
		60AE7A50251C87EE0065CE47 /* NomiGuin.app */ = {isa = PBXFileReference; explicitFileType = wrapper.application; includeInIndex = 0; path = NomiGuin.app; sourceTree = BUILT_PRODUCTS_DIR; };
		60AE7A53251C87EE0065CE47 /* AppDelegate.swift */ = {isa = PBXFileReference; lastKnownFileType = sourcecode.swift; path = AppDelegate.swift; sourceTree = "<group>"; };
		60AE7A55251C87EE0065CE47 /* SceneDelegate.swift */ = {isa = PBXFileReference; lastKnownFileType = sourcecode.swift; path = SceneDelegate.swift; sourceTree = "<group>"; };
		60AE7A5A251C87EE0065CE47 /* Base */ = {isa = PBXFileReference; lastKnownFileType = file.storyboard; name = Base; path = Base.lproj/Main.storyboard; sourceTree = "<group>"; };
		60AE7A5D251C87EE0065CE47 /* NomiGuin.xcdatamodel */ = {isa = PBXFileReference; lastKnownFileType = wrapper.xcdatamodel; path = NomiGuin.xcdatamodel; sourceTree = "<group>"; };
		60AE7A5F251C87F10065CE47 /* Assets.xcassets */ = {isa = PBXFileReference; lastKnownFileType = folder.assetcatalog; path = Assets.xcassets; sourceTree = "<group>"; };
		60AE7A62251C87F10065CE47 /* Base */ = {isa = PBXFileReference; lastKnownFileType = file.storyboard; name = Base; path = Base.lproj/LaunchScreen.storyboard; sourceTree = "<group>"; };
		60AE7A64251C87F10065CE47 /* Info.plist */ = {isa = PBXFileReference; lastKnownFileType = text.plist.xml; path = Info.plist; sourceTree = "<group>"; };
		60AE7A69251C87F10065CE47 /* NomiGuinTests.xctest */ = {isa = PBXFileReference; explicitFileType = wrapper.cfbundle; includeInIndex = 0; path = NomiGuinTests.xctest; sourceTree = BUILT_PRODUCTS_DIR; };
		60AE7A6D251C87F10065CE47 /* NomiGuinTests.swift */ = {isa = PBXFileReference; lastKnownFileType = sourcecode.swift; path = NomiGuinTests.swift; sourceTree = "<group>"; };
		60AE7A6F251C87F10065CE47 /* Info.plist */ = {isa = PBXFileReference; lastKnownFileType = text.plist.xml; path = Info.plist; sourceTree = "<group>"; };
		60AE7A74251C87F10065CE47 /* NomiGuinUITests.xctest */ = {isa = PBXFileReference; explicitFileType = wrapper.cfbundle; includeInIndex = 0; path = NomiGuinUITests.xctest; sourceTree = BUILT_PRODUCTS_DIR; };
		60AE7A78251C87F10065CE47 /* NomiGuinUITests.swift */ = {isa = PBXFileReference; lastKnownFileType = sourcecode.swift; path = NomiGuinUITests.swift; sourceTree = "<group>"; };
		60AE7A7A251C87F10065CE47 /* Info.plist */ = {isa = PBXFileReference; lastKnownFileType = text.plist.xml; path = Info.plist; sourceTree = "<group>"; };
		60AE7AB8251DA6900065CE47 /* NomiUser.swift */ = {isa = PBXFileReference; lastKnownFileType = sourcecode.swift; path = NomiUser.swift; sourceTree = "<group>"; };
		60AE7AC0251DA8010065CE47 /* NomiTableViewCell.swift */ = {isa = PBXFileReference; lastKnownFileType = sourcecode.swift; path = NomiTableViewCell.swift; sourceTree = "<group>"; };
		60AE7AC1251DA8010065CE47 /* NomiTableViewCell.xib */ = {isa = PBXFileReference; lastKnownFileType = file.xib; path = NomiTableViewCell.xib; sourceTree = "<group>"; };
		60AE7AD1251DABF30065CE47 /* FriendsModel.swift */ = {isa = PBXFileReference; lastKnownFileType = sourcecode.swift; path = FriendsModel.swift; sourceTree = "<group>"; };
		B83E00A968FBA849F28B461D /* Pods_NomiGuin.framework */ = {isa = PBXFileReference; explicitFileType = wrapper.framework; includeInIndex = 0; path = Pods_NomiGuin.framework; sourceTree = BUILT_PRODUCTS_DIR; };
		D70DCE97251C9EE8007D4AB1 /* RegisterUserViewController.swift */ = {isa = PBXFileReference; lastKnownFileType = sourcecode.swift; path = RegisterUserViewController.swift; sourceTree = "<group>"; };
		D70DCE9B251CA0B1007D4AB1 /* FriendsViewController.swift */ = {isa = PBXFileReference; lastKnownFileType = sourcecode.swift; path = FriendsViewController.swift; sourceTree = "<group>"; };
		D70DCE9D251CA0BB007D4AB1 /* AddDrinkViewController.swift */ = {isa = PBXFileReference; lastKnownFileType = sourcecode.swift; path = AddDrinkViewController.swift; sourceTree = "<group>"; };
		D7B787BE251D8F4100C512B3 /* FirebaseAuthAPI.swift */ = {isa = PBXFileReference; lastKnownFileType = sourcecode.swift; path = FirebaseAuthAPI.swift; sourceTree = "<group>"; };
		D7D89826251C9099002588E6 /* GoogleService-Info.plist */ = {isa = PBXFileReference; fileEncoding = 4; lastKnownFileType = text.plist.xml; path = "GoogleService-Info.plist"; sourceTree = "<group>"; };
		DC858979F97CE53AE5C3828D /* Pods_NomiGuinUITests.framework */ = {isa = PBXFileReference; explicitFileType = wrapper.framework; includeInIndex = 0; path = Pods_NomiGuinUITests.framework; sourceTree = BUILT_PRODUCTS_DIR; };
		DD2F9337B23F4032A05DBDA4 /* Pods-NomiGuinTests.debug.xcconfig */ = {isa = PBXFileReference; includeInIndex = 1; lastKnownFileType = text.xcconfig; name = "Pods-NomiGuinTests.debug.xcconfig"; path = "Target Support Files/Pods-NomiGuinTests/Pods-NomiGuinTests.debug.xcconfig"; sourceTree = "<group>"; };
		F2F486582DDFF9EEB6CCAB15 /* Pods-NomiGuinUITests.release.xcconfig */ = {isa = PBXFileReference; includeInIndex = 1; lastKnownFileType = text.xcconfig; name = "Pods-NomiGuinUITests.release.xcconfig"; path = "Target Support Files/Pods-NomiGuinUITests/Pods-NomiGuinUITests.release.xcconfig"; sourceTree = "<group>"; };
/* End PBXFileReference section */

/* Begin PBXFrameworksBuildPhase section */
		60AE7A4D251C87EE0065CE47 /* Frameworks */ = {
			isa = PBXFrameworksBuildPhase;
			buildActionMask = 2147483647;
			files = (
				465E3EC3A69277E6CD466C62 /* Pods_NomiGuin.framework in Frameworks */,
				D7CE79E3251DEE8500EF92E9 /* SkyFloatingLabelTextField in Frameworks */,
			);
			runOnlyForDeploymentPostprocessing = 0;
		};
		60AE7A66251C87F10065CE47 /* Frameworks */ = {
			isa = PBXFrameworksBuildPhase;
			buildActionMask = 2147483647;
			files = (
				27C61BC49EBD0136502C2635 /* Pods_NomiGuinTests.framework in Frameworks */,
			);
			runOnlyForDeploymentPostprocessing = 0;
		};
		60AE7A71251C87F10065CE47 /* Frameworks */ = {
			isa = PBXFrameworksBuildPhase;
			buildActionMask = 2147483647;
			files = (
				348797C5AAA63659ACF36403 /* Pods_NomiGuinUITests.framework in Frameworks */,
			);
			runOnlyForDeploymentPostprocessing = 0;
		};
/* End PBXFrameworksBuildPhase section */

/* Begin PBXGroup section */
		60AE7A47251C87EE0065CE47 = {
			isa = PBXGroup;
			children = (
				60AE7A52251C87EE0065CE47 /* NomiGuin */,
				60AE7A6C251C87F10065CE47 /* NomiGuinTests */,
				60AE7A77251C87F10065CE47 /* NomiGuinUITests */,
				60AE7A51251C87EE0065CE47 /* Products */,
				7BBBA818A555218FCB680F42 /* Pods */,
				A1CA73ABA46637EA0B3AFB5C /* Frameworks */,
			);
			sourceTree = "<group>";
		};
		60AE7A51251C87EE0065CE47 /* Products */ = {
			isa = PBXGroup;
			children = (
				60AE7A50251C87EE0065CE47 /* NomiGuin.app */,
				60AE7A69251C87F10065CE47 /* NomiGuinTests.xctest */,
				60AE7A74251C87F10065CE47 /* NomiGuinUITests.xctest */,
			);
			name = Products;
			sourceTree = "<group>";
		};
		60AE7A52251C87EE0065CE47 /* NomiGuin */ = {
			isa = PBXGroup;
			children = (
				D7B787BE251D8F4100C512B3 /* FirebaseAuthAPI.swift */,
				60AE7AB8251DA6900065CE47 /* NomiUser.swift */,
				60AE7A53251C87EE0065CE47 /* AppDelegate.swift */,
				60AE7A55251C87EE0065CE47 /* SceneDelegate.swift */,
				60AE7A59251C87EE0065CE47 /* Main.storyboard */,
				60AE7AD0251DABDA0065CE47 /* Model */,
				60AE7ACF251DABD00065CE47 /* View */,
				D70DCE9A251CA091007D4AB1 /* Controller */,
				60AE7A5F251C87F10065CE47 /* Assets.xcassets */,
				60AE7A61251C87F10065CE47 /* LaunchScreen.storyboard */,
				D7D89826251C9099002588E6 /* GoogleService-Info.plist */,
				60AE7A64251C87F10065CE47 /* Info.plist */,
				60AE7A5C251C87EE0065CE47 /* NomiGuin.xcdatamodeld */,
			);
			path = NomiGuin;
			sourceTree = "<group>";
		};
		60AE7A6C251C87F10065CE47 /* NomiGuinTests */ = {
			isa = PBXGroup;
			children = (
				60AE7A6D251C87F10065CE47 /* NomiGuinTests.swift */,
				60AE7A6F251C87F10065CE47 /* Info.plist */,
			);
			path = NomiGuinTests;
			sourceTree = "<group>";
		};
		60AE7A77251C87F10065CE47 /* NomiGuinUITests */ = {
			isa = PBXGroup;
			children = (
				60AE7A78251C87F10065CE47 /* NomiGuinUITests.swift */,
				60AE7A7A251C87F10065CE47 /* Info.plist */,
			);
			path = NomiGuinUITests;
			sourceTree = "<group>";
		};
		60AE7ACF251DABD00065CE47 /* View */ = {
			isa = PBXGroup;
			children = (
				60AE7AC0251DA8010065CE47 /* NomiTableViewCell.swift */,
				60AE7AC1251DA8010065CE47 /* NomiTableViewCell.xib */,
			);
			path = View;
			sourceTree = "<group>";
		};
		60AE7AD0251DABDA0065CE47 /* Model */ = {
			isa = PBXGroup;
			children = (
				60AE7AD1251DABF30065CE47 /* FriendsModel.swift */,
				601DDFE3251DE666004AFF22 /* AddDrinkModel.swift */,
				601DDFE8251DE90E004AFF22 /* Drinkables.swift */,
			);
			path = Model;
			sourceTree = "<group>";
		};
		7BBBA818A555218FCB680F42 /* Pods */ = {
			isa = PBXGroup;
			children = (
				15445813B6EBB0AC43467AE2 /* Pods-NomiGuin.debug.xcconfig */,
				15EC3BEEED5EF89618BA2442 /* Pods-NomiGuin.release.xcconfig */,
				DD2F9337B23F4032A05DBDA4 /* Pods-NomiGuinTests.debug.xcconfig */,
				5E59F4D558498E227612E4EF /* Pods-NomiGuinTests.release.xcconfig */,
				15E71B2CF93EBE853DCCF04E /* Pods-NomiGuinUITests.debug.xcconfig */,
				F2F486582DDFF9EEB6CCAB15 /* Pods-NomiGuinUITests.release.xcconfig */,
			);
			path = Pods;
			sourceTree = "<group>";
		};
		A1CA73ABA46637EA0B3AFB5C /* Frameworks */ = {
			isa = PBXGroup;
			children = (
				B83E00A968FBA849F28B461D /* Pods_NomiGuin.framework */,
				5304DDE0713DFD56D9C3D1A9 /* Pods_NomiGuinTests.framework */,
				DC858979F97CE53AE5C3828D /* Pods_NomiGuinUITests.framework */,
			);
			name = Frameworks;
			sourceTree = "<group>";
		};
		D70DCE9A251CA091007D4AB1 /* Controller */ = {
			isa = PBXGroup;
			children = (
				D70DCE97251C9EE8007D4AB1 /* RegisterUserViewController.swift */,
				D70DCE9B251CA0B1007D4AB1 /* FriendsViewController.swift */,
				D70DCE9D251CA0BB007D4AB1 /* AddDrinkViewController.swift */,
			);
			path = Controller;
			sourceTree = "<group>";
		};
/* End PBXGroup section */

/* Begin PBXNativeTarget section */
		60AE7A4F251C87EE0065CE47 /* NomiGuin */ = {
			isa = PBXNativeTarget;
			buildConfigurationList = 60AE7A7D251C87F10065CE47 /* Build configuration list for PBXNativeTarget "NomiGuin" */;
			buildPhases = (
				52BE2B003744456DE8A1E401 /* [CP] Check Pods Manifest.lock */,
				60AE7A4C251C87EE0065CE47 /* Sources */,
				60AE7A4D251C87EE0065CE47 /* Frameworks */,
				60AE7A4E251C87EE0065CE47 /* Resources */,
				CF0E7B3BB7456CFAF7F97DC4 /* [CP] Embed Pods Frameworks */,
			);
			buildRules = (
			);
			dependencies = (
			);
			name = NomiGuin;
			packageProductDependencies = (
				D7CE79E2251DEE8500EF92E9 /* SkyFloatingLabelTextField */,
			);
			productName = NomiGuin;
			productReference = 60AE7A50251C87EE0065CE47 /* NomiGuin.app */;
			productType = "com.apple.product-type.application";
		};
		60AE7A68251C87F10065CE47 /* NomiGuinTests */ = {
			isa = PBXNativeTarget;
			buildConfigurationList = 60AE7A80251C87F10065CE47 /* Build configuration list for PBXNativeTarget "NomiGuinTests" */;
			buildPhases = (
				8CB43AE32B9BD79BB796B5A1 /* [CP] Check Pods Manifest.lock */,
				60AE7A65251C87F10065CE47 /* Sources */,
				60AE7A66251C87F10065CE47 /* Frameworks */,
				60AE7A67251C87F10065CE47 /* Resources */,
			);
			buildRules = (
			);
			dependencies = (
				60AE7A6B251C87F10065CE47 /* PBXTargetDependency */,
			);
			name = NomiGuinTests;
			productName = NomiGuinTests;
			productReference = 60AE7A69251C87F10065CE47 /* NomiGuinTests.xctest */;
			productType = "com.apple.product-type.bundle.unit-test";
		};
		60AE7A73251C87F10065CE47 /* NomiGuinUITests */ = {
			isa = PBXNativeTarget;
			buildConfigurationList = 60AE7A83251C87F10065CE47 /* Build configuration list for PBXNativeTarget "NomiGuinUITests" */;
			buildPhases = (
				09FCD24FF42F6273FE9256F0 /* [CP] Check Pods Manifest.lock */,
				60AE7A70251C87F10065CE47 /* Sources */,
				60AE7A71251C87F10065CE47 /* Frameworks */,
				60AE7A72251C87F10065CE47 /* Resources */,
			);
			buildRules = (
			);
			dependencies = (
				60AE7A76251C87F10065CE47 /* PBXTargetDependency */,
			);
			name = NomiGuinUITests;
			productName = NomiGuinUITests;
			productReference = 60AE7A74251C87F10065CE47 /* NomiGuinUITests.xctest */;
			productType = "com.apple.product-type.bundle.ui-testing";
		};
/* End PBXNativeTarget section */

/* Begin PBXProject section */
		60AE7A48251C87EE0065CE47 /* Project object */ = {
			isa = PBXProject;
			attributes = {
				LastSwiftUpdateCheck = 1200;
				LastUpgradeCheck = 1200;
				TargetAttributes = {
					60AE7A4F251C87EE0065CE47 = {
						CreatedOnToolsVersion = 12.0;
					};
					60AE7A68251C87F10065CE47 = {
						CreatedOnToolsVersion = 12.0;
						TestTargetID = 60AE7A4F251C87EE0065CE47;
					};
					60AE7A73251C87F10065CE47 = {
						CreatedOnToolsVersion = 12.0;
						TestTargetID = 60AE7A4F251C87EE0065CE47;
					};
				};
			};
			buildConfigurationList = 60AE7A4B251C87EE0065CE47 /* Build configuration list for PBXProject "NomiGuin" */;
			compatibilityVersion = "Xcode 9.3";
			developmentRegion = en;
			hasScannedForEncodings = 0;
			knownRegions = (
				en,
				Base,
			);
			mainGroup = 60AE7A47251C87EE0065CE47;
			packageReferences = (
				D7CE79E1251DEE8500EF92E9 /* XCRemoteSwiftPackageReference "SkyFloatingLabelTextField" */,
			);
			productRefGroup = 60AE7A51251C87EE0065CE47 /* Products */;
			projectDirPath = "";
			projectRoot = "";
			targets = (
				60AE7A4F251C87EE0065CE47 /* NomiGuin */,
				60AE7A68251C87F10065CE47 /* NomiGuinTests */,
				60AE7A73251C87F10065CE47 /* NomiGuinUITests */,
			);
		};
/* End PBXProject section */

/* Begin PBXResourcesBuildPhase section */
		60AE7A4E251C87EE0065CE47 /* Resources */ = {
			isa = PBXResourcesBuildPhase;
			buildActionMask = 2147483647;
			files = (
				60AE7A63251C87F10065CE47 /* LaunchScreen.storyboard in Resources */,
				60AE7AC3251DA8010065CE47 /* NomiTableViewCell.xib in Resources */,
				D7D89827251C9099002588E6 /* GoogleService-Info.plist in Resources */,
				60AE7A60251C87F10065CE47 /* Assets.xcassets in Resources */,
				60AE7A5B251C87EE0065CE47 /* Main.storyboard in Resources */,
			);
			runOnlyForDeploymentPostprocessing = 0;
		};
		60AE7A67251C87F10065CE47 /* Resources */ = {
			isa = PBXResourcesBuildPhase;
			buildActionMask = 2147483647;
			files = (
			);
			runOnlyForDeploymentPostprocessing = 0;
		};
		60AE7A72251C87F10065CE47 /* Resources */ = {
			isa = PBXResourcesBuildPhase;
			buildActionMask = 2147483647;
			files = (
			);
			runOnlyForDeploymentPostprocessing = 0;
		};
/* End PBXResourcesBuildPhase section */

/* Begin PBXShellScriptBuildPhase section */
		09FCD24FF42F6273FE9256F0 /* [CP] Check Pods Manifest.lock */ = {
			isa = PBXShellScriptBuildPhase;
			buildActionMask = 2147483647;
			files = (
			);
			inputFileListPaths = (
			);
			inputPaths = (
				"${PODS_PODFILE_DIR_PATH}/Podfile.lock",
				"${PODS_ROOT}/Manifest.lock",
			);
			name = "[CP] Check Pods Manifest.lock";
			outputFileListPaths = (
			);
			outputPaths = (
				"$(DERIVED_FILE_DIR)/Pods-NomiGuinUITests-checkManifestLockResult.txt",
			);
			runOnlyForDeploymentPostprocessing = 0;
			shellPath = /bin/sh;
			shellScript = "diff \"${PODS_PODFILE_DIR_PATH}/Podfile.lock\" \"${PODS_ROOT}/Manifest.lock\" > /dev/null\nif [ $? != 0 ] ; then\n    # print error to STDERR\n    echo \"error: The sandbox is not in sync with the Podfile.lock. Run 'pod install' or update your CocoaPods installation.\" >&2\n    exit 1\nfi\n# This output is used by Xcode 'outputs' to avoid re-running this script phase.\necho \"SUCCESS\" > \"${SCRIPT_OUTPUT_FILE_0}\"\n";
			showEnvVarsInLog = 0;
		};
		52BE2B003744456DE8A1E401 /* [CP] Check Pods Manifest.lock */ = {
			isa = PBXShellScriptBuildPhase;
			buildActionMask = 2147483647;
			files = (
			);
			inputFileListPaths = (
			);
			inputPaths = (
				"${PODS_PODFILE_DIR_PATH}/Podfile.lock",
				"${PODS_ROOT}/Manifest.lock",
			);
			name = "[CP] Check Pods Manifest.lock";
			outputFileListPaths = (
			);
			outputPaths = (
				"$(DERIVED_FILE_DIR)/Pods-NomiGuin-checkManifestLockResult.txt",
			);
			runOnlyForDeploymentPostprocessing = 0;
			shellPath = /bin/sh;
			shellScript = "diff \"${PODS_PODFILE_DIR_PATH}/Podfile.lock\" \"${PODS_ROOT}/Manifest.lock\" > /dev/null\nif [ $? != 0 ] ; then\n    # print error to STDERR\n    echo \"error: The sandbox is not in sync with the Podfile.lock. Run 'pod install' or update your CocoaPods installation.\" >&2\n    exit 1\nfi\n# This output is used by Xcode 'outputs' to avoid re-running this script phase.\necho \"SUCCESS\" > \"${SCRIPT_OUTPUT_FILE_0}\"\n";
			showEnvVarsInLog = 0;
		};
		8CB43AE32B9BD79BB796B5A1 /* [CP] Check Pods Manifest.lock */ = {
			isa = PBXShellScriptBuildPhase;
			buildActionMask = 2147483647;
			files = (
			);
			inputFileListPaths = (
			);
			inputPaths = (
				"${PODS_PODFILE_DIR_PATH}/Podfile.lock",
				"${PODS_ROOT}/Manifest.lock",
			);
			name = "[CP] Check Pods Manifest.lock";
			outputFileListPaths = (
			);
			outputPaths = (
				"$(DERIVED_FILE_DIR)/Pods-NomiGuinTests-checkManifestLockResult.txt",
			);
			runOnlyForDeploymentPostprocessing = 0;
			shellPath = /bin/sh;
			shellScript = "diff \"${PODS_PODFILE_DIR_PATH}/Podfile.lock\" \"${PODS_ROOT}/Manifest.lock\" > /dev/null\nif [ $? != 0 ] ; then\n    # print error to STDERR\n    echo \"error: The sandbox is not in sync with the Podfile.lock. Run 'pod install' or update your CocoaPods installation.\" >&2\n    exit 1\nfi\n# This output is used by Xcode 'outputs' to avoid re-running this script phase.\necho \"SUCCESS\" > \"${SCRIPT_OUTPUT_FILE_0}\"\n";
			showEnvVarsInLog = 0;
		};
		CF0E7B3BB7456CFAF7F97DC4 /* [CP] Embed Pods Frameworks */ = {
			isa = PBXShellScriptBuildPhase;
			buildActionMask = 2147483647;
			files = (
			);
			inputFileListPaths = (
				"${PODS_ROOT}/Target Support Files/Pods-NomiGuin/Pods-NomiGuin-frameworks-${CONFIGURATION}-input-files.xcfilelist",
			);
			name = "[CP] Embed Pods Frameworks";
			outputFileListPaths = (
				"${PODS_ROOT}/Target Support Files/Pods-NomiGuin/Pods-NomiGuin-frameworks-${CONFIGURATION}-output-files.xcfilelist",
			);
			runOnlyForDeploymentPostprocessing = 0;
			shellPath = /bin/sh;
			shellScript = "\"${PODS_ROOT}/Target Support Files/Pods-NomiGuin/Pods-NomiGuin-frameworks.sh\"\n";
			showEnvVarsInLog = 0;
		};
/* End PBXShellScriptBuildPhase section */

/* Begin PBXSourcesBuildPhase section */
		60AE7A4C251C87EE0065CE47 /* Sources */ = {
			isa = PBXSourcesBuildPhase;
			buildActionMask = 2147483647;
			files = (
				D7B787BF251D8F4100C512B3 /* FirebaseAuthAPI.swift in Sources */,
				D70DCE9E251CA0BB007D4AB1 /* AddDrinkViewController.swift in Sources */,
				D70DCE98251C9EE8007D4AB1 /* RegisterUserViewController.swift in Sources */,
				60AE7AC2251DA8010065CE47 /* NomiTableViewCell.swift in Sources */,
				60AE7AB9251DA6900065CE47 /* NomiUser.swift in Sources */,
				60AE7AD2251DABF30065CE47 /* FriendsModel.swift in Sources */,
				60AE7A54251C87EE0065CE47 /* AppDelegate.swift in Sources */,
				601DDFE4251DE666004AFF22 /* AddDrinkModel.swift in Sources */,
				60AE7A56251C87EE0065CE47 /* SceneDelegate.swift in Sources */,
				D70DCE9C251CA0B1007D4AB1 /* FriendsViewController.swift in Sources */,
				601DDFE9251DE90E004AFF22 /* Drinkables.swift in Sources */,
				60AE7A5E251C87EE0065CE47 /* NomiGuin.xcdatamodeld in Sources */,
			);
			runOnlyForDeploymentPostprocessing = 0;
		};
		60AE7A65251C87F10065CE47 /* Sources */ = {
			isa = PBXSourcesBuildPhase;
			buildActionMask = 2147483647;
			files = (
				60AE7A6E251C87F10065CE47 /* NomiGuinTests.swift in Sources */,
			);
			runOnlyForDeploymentPostprocessing = 0;
		};
		60AE7A70251C87F10065CE47 /* Sources */ = {
			isa = PBXSourcesBuildPhase;
			buildActionMask = 2147483647;
			files = (
				60AE7A79251C87F10065CE47 /* NomiGuinUITests.swift in Sources */,
			);
			runOnlyForDeploymentPostprocessing = 0;
		};
/* End PBXSourcesBuildPhase section */

/* Begin PBXTargetDependency section */
		60AE7A6B251C87F10065CE47 /* PBXTargetDependency */ = {
			isa = PBXTargetDependency;
			target = 60AE7A4F251C87EE0065CE47 /* NomiGuin */;
			targetProxy = 60AE7A6A251C87F10065CE47 /* PBXContainerItemProxy */;
		};
		60AE7A76251C87F10065CE47 /* PBXTargetDependency */ = {
			isa = PBXTargetDependency;
			target = 60AE7A4F251C87EE0065CE47 /* NomiGuin */;
			targetProxy = 60AE7A75251C87F10065CE47 /* PBXContainerItemProxy */;
		};
/* End PBXTargetDependency section */

/* Begin PBXVariantGroup section */
		60AE7A59251C87EE0065CE47 /* Main.storyboard */ = {
			isa = PBXVariantGroup;
			children = (
				60AE7A5A251C87EE0065CE47 /* Base */,
			);
			name = Main.storyboard;
			sourceTree = "<group>";
		};
		60AE7A61251C87F10065CE47 /* LaunchScreen.storyboard */ = {
			isa = PBXVariantGroup;
			children = (
				60AE7A62251C87F10065CE47 /* Base */,
			);
			name = LaunchScreen.storyboard;
			sourceTree = "<group>";
		};
/* End PBXVariantGroup section */

/* Begin XCBuildConfiguration section */
		60AE7A7B251C87F10065CE47 /* Debug */ = {
			isa = XCBuildConfiguration;
			buildSettings = {
				ALWAYS_SEARCH_USER_PATHS = NO;
				CLANG_ANALYZER_NONNULL = YES;
				CLANG_ANALYZER_NUMBER_OBJECT_CONVERSION = YES_AGGRESSIVE;
				CLANG_CXX_LANGUAGE_STANDARD = "gnu++14";
				CLANG_CXX_LIBRARY = "libc++";
				CLANG_ENABLE_MODULES = YES;
				CLANG_ENABLE_OBJC_ARC = YES;
				CLANG_ENABLE_OBJC_WEAK = YES;
				CLANG_WARN_BLOCK_CAPTURE_AUTORELEASING = YES;
				CLANG_WARN_BOOL_CONVERSION = YES;
				CLANG_WARN_COMMA = YES;
				CLANG_WARN_CONSTANT_CONVERSION = YES;
				CLANG_WARN_DEPRECATED_OBJC_IMPLEMENTATIONS = YES;
				CLANG_WARN_DIRECT_OBJC_ISA_USAGE = YES_ERROR;
				CLANG_WARN_DOCUMENTATION_COMMENTS = YES;
				CLANG_WARN_EMPTY_BODY = YES;
				CLANG_WARN_ENUM_CONVERSION = YES;
				CLANG_WARN_INFINITE_RECURSION = YES;
				CLANG_WARN_INT_CONVERSION = YES;
				CLANG_WARN_NON_LITERAL_NULL_CONVERSION = YES;
				CLANG_WARN_OBJC_IMPLICIT_RETAIN_SELF = YES;
				CLANG_WARN_OBJC_LITERAL_CONVERSION = YES;
				CLANG_WARN_OBJC_ROOT_CLASS = YES_ERROR;
				CLANG_WARN_QUOTED_INCLUDE_IN_FRAMEWORK_HEADER = YES;
				CLANG_WARN_RANGE_LOOP_ANALYSIS = YES;
				CLANG_WARN_STRICT_PROTOTYPES = YES;
				CLANG_WARN_SUSPICIOUS_MOVE = YES;
				CLANG_WARN_UNGUARDED_AVAILABILITY = YES_AGGRESSIVE;
				CLANG_WARN_UNREACHABLE_CODE = YES;
				CLANG_WARN__DUPLICATE_METHOD_MATCH = YES;
				COPY_PHASE_STRIP = NO;
				DEBUG_INFORMATION_FORMAT = dwarf;
				ENABLE_STRICT_OBJC_MSGSEND = YES;
				ENABLE_TESTABILITY = YES;
				GCC_C_LANGUAGE_STANDARD = gnu11;
				GCC_DYNAMIC_NO_PIC = NO;
				GCC_NO_COMMON_BLOCKS = YES;
				GCC_OPTIMIZATION_LEVEL = 0;
				GCC_PREPROCESSOR_DEFINITIONS = (
					"DEBUG=1",
					"$(inherited)",
				);
				GCC_WARN_64_TO_32_BIT_CONVERSION = YES;
				GCC_WARN_ABOUT_RETURN_TYPE = YES_ERROR;
				GCC_WARN_UNDECLARED_SELECTOR = YES;
				GCC_WARN_UNINITIALIZED_AUTOS = YES_AGGRESSIVE;
				GCC_WARN_UNUSED_FUNCTION = YES;
				GCC_WARN_UNUSED_VARIABLE = YES;
				IPHONEOS_DEPLOYMENT_TARGET = 14.0;
				MTL_ENABLE_DEBUG_INFO = INCLUDE_SOURCE;
				MTL_FAST_MATH = YES;
				ONLY_ACTIVE_ARCH = YES;
				SDKROOT = iphoneos;
				SWIFT_ACTIVE_COMPILATION_CONDITIONS = DEBUG;
				SWIFT_OPTIMIZATION_LEVEL = "-Onone";
			};
			name = Debug;
		};
		60AE7A7C251C87F10065CE47 /* Release */ = {
			isa = XCBuildConfiguration;
			buildSettings = {
				ALWAYS_SEARCH_USER_PATHS = NO;
				CLANG_ANALYZER_NONNULL = YES;
				CLANG_ANALYZER_NUMBER_OBJECT_CONVERSION = YES_AGGRESSIVE;
				CLANG_CXX_LANGUAGE_STANDARD = "gnu++14";
				CLANG_CXX_LIBRARY = "libc++";
				CLANG_ENABLE_MODULES = YES;
				CLANG_ENABLE_OBJC_ARC = YES;
				CLANG_ENABLE_OBJC_WEAK = YES;
				CLANG_WARN_BLOCK_CAPTURE_AUTORELEASING = YES;
				CLANG_WARN_BOOL_CONVERSION = YES;
				CLANG_WARN_COMMA = YES;
				CLANG_WARN_CONSTANT_CONVERSION = YES;
				CLANG_WARN_DEPRECATED_OBJC_IMPLEMENTATIONS = YES;
				CLANG_WARN_DIRECT_OBJC_ISA_USAGE = YES_ERROR;
				CLANG_WARN_DOCUMENTATION_COMMENTS = YES;
				CLANG_WARN_EMPTY_BODY = YES;
				CLANG_WARN_ENUM_CONVERSION = YES;
				CLANG_WARN_INFINITE_RECURSION = YES;
				CLANG_WARN_INT_CONVERSION = YES;
				CLANG_WARN_NON_LITERAL_NULL_CONVERSION = YES;
				CLANG_WARN_OBJC_IMPLICIT_RETAIN_SELF = YES;
				CLANG_WARN_OBJC_LITERAL_CONVERSION = YES;
				CLANG_WARN_OBJC_ROOT_CLASS = YES_ERROR;
				CLANG_WARN_QUOTED_INCLUDE_IN_FRAMEWORK_HEADER = YES;
				CLANG_WARN_RANGE_LOOP_ANALYSIS = YES;
				CLANG_WARN_STRICT_PROTOTYPES = YES;
				CLANG_WARN_SUSPICIOUS_MOVE = YES;
				CLANG_WARN_UNGUARDED_AVAILABILITY = YES_AGGRESSIVE;
				CLANG_WARN_UNREACHABLE_CODE = YES;
				CLANG_WARN__DUPLICATE_METHOD_MATCH = YES;
				COPY_PHASE_STRIP = NO;
				DEBUG_INFORMATION_FORMAT = "dwarf-with-dsym";
				ENABLE_NS_ASSERTIONS = NO;
				ENABLE_STRICT_OBJC_MSGSEND = YES;
				GCC_C_LANGUAGE_STANDARD = gnu11;
				GCC_NO_COMMON_BLOCKS = YES;
				GCC_WARN_64_TO_32_BIT_CONVERSION = YES;
				GCC_WARN_ABOUT_RETURN_TYPE = YES_ERROR;
				GCC_WARN_UNDECLARED_SELECTOR = YES;
				GCC_WARN_UNINITIALIZED_AUTOS = YES_AGGRESSIVE;
				GCC_WARN_UNUSED_FUNCTION = YES;
				GCC_WARN_UNUSED_VARIABLE = YES;
				IPHONEOS_DEPLOYMENT_TARGET = 14.0;
				MTL_ENABLE_DEBUG_INFO = NO;
				MTL_FAST_MATH = YES;
				SDKROOT = iphoneos;
				SWIFT_COMPILATION_MODE = wholemodule;
				SWIFT_OPTIMIZATION_LEVEL = "-O";
				VALIDATE_PRODUCT = YES;
			};
			name = Release;
		};
		60AE7A7E251C87F10065CE47 /* Debug */ = {
			isa = XCBuildConfiguration;
			baseConfigurationReference = 15445813B6EBB0AC43467AE2 /* Pods-NomiGuin.debug.xcconfig */;
			buildSettings = {
				ASSETCATALOG_COMPILER_APPICON_NAME = AppIcon;
				ASSETCATALOG_COMPILER_GLOBAL_ACCENT_COLOR_NAME = AccentColor;
				CODE_SIGN_STYLE = Automatic;
				DEVELOPMENT_TEAM = 7G4R772ZVB;
				INFOPLIST_FILE = NomiGuin/Info.plist;
				IPHONEOS_DEPLOYMENT_TARGET = 13.0;
				LD_RUNPATH_SEARCH_PATHS = (
					"$(inherited)",
					"@executable_path/Frameworks",
				);
				PRODUCT_BUNDLE_IDENTIFIER = com.hiroyaoooooo.NomiGuin;
				PRODUCT_NAME = "$(TARGET_NAME)";
				SWIFT_VERSION = 5.0;
				TARGETED_DEVICE_FAMILY = "1,2";
			};
			name = Debug;
		};
		60AE7A7F251C87F10065CE47 /* Release */ = {
			isa = XCBuildConfiguration;
			baseConfigurationReference = 15EC3BEEED5EF89618BA2442 /* Pods-NomiGuin.release.xcconfig */;
			buildSettings = {
				ASSETCATALOG_COMPILER_APPICON_NAME = AppIcon;
				ASSETCATALOG_COMPILER_GLOBAL_ACCENT_COLOR_NAME = AccentColor;
				CODE_SIGN_STYLE = Automatic;
				DEVELOPMENT_TEAM = 7G4R772ZVB;
				INFOPLIST_FILE = NomiGuin/Info.plist;
				IPHONEOS_DEPLOYMENT_TARGET = 13.0;
				LD_RUNPATH_SEARCH_PATHS = (
					"$(inherited)",
					"@executable_path/Frameworks",
				);
				PRODUCT_BUNDLE_IDENTIFIER = com.hiroyaoooooo.NomiGuin;
				PRODUCT_NAME = "$(TARGET_NAME)";
				SWIFT_VERSION = 5.0;
				TARGETED_DEVICE_FAMILY = "1,2";
			};
			name = Release;
		};
		60AE7A81251C87F10065CE47 /* Debug */ = {
			isa = XCBuildConfiguration;
			baseConfigurationReference = DD2F9337B23F4032A05DBDA4 /* Pods-NomiGuinTests.debug.xcconfig */;
			buildSettings = {
				ALWAYS_EMBED_SWIFT_STANDARD_LIBRARIES = YES;
				BUNDLE_LOADER = "$(TEST_HOST)";
				CODE_SIGN_STYLE = Automatic;
				DEVELOPMENT_TEAM = 7G4R772ZVB;
				INFOPLIST_FILE = NomiGuinTests/Info.plist;
				IPHONEOS_DEPLOYMENT_TARGET = 14.0;
				LD_RUNPATH_SEARCH_PATHS = (
					"$(inherited)",
					"@executable_path/Frameworks",
					"@loader_path/Frameworks",
				);
				PRODUCT_BUNDLE_IDENTIFIER = com.hiroyaoooooo.NomiGuinTests;
				PRODUCT_NAME = "$(TARGET_NAME)";
				SWIFT_VERSION = 5.0;
				TARGETED_DEVICE_FAMILY = "1,2";
				TEST_HOST = "$(BUILT_PRODUCTS_DIR)/NomiGuin.app/NomiGuin";
			};
			name = Debug;
		};
		60AE7A82251C87F10065CE47 /* Release */ = {
			isa = XCBuildConfiguration;
			baseConfigurationReference = 5E59F4D558498E227612E4EF /* Pods-NomiGuinTests.release.xcconfig */;
			buildSettings = {
				ALWAYS_EMBED_SWIFT_STANDARD_LIBRARIES = YES;
				BUNDLE_LOADER = "$(TEST_HOST)";
				CODE_SIGN_STYLE = Automatic;
				DEVELOPMENT_TEAM = 7G4R772ZVB;
				INFOPLIST_FILE = NomiGuinTests/Info.plist;
				IPHONEOS_DEPLOYMENT_TARGET = 14.0;
				LD_RUNPATH_SEARCH_PATHS = (
					"$(inherited)",
					"@executable_path/Frameworks",
					"@loader_path/Frameworks",
				);
				PRODUCT_BUNDLE_IDENTIFIER = com.hiroyaoooooo.NomiGuinTests;
				PRODUCT_NAME = "$(TARGET_NAME)";
				SWIFT_VERSION = 5.0;
				TARGETED_DEVICE_FAMILY = "1,2";
				TEST_HOST = "$(BUILT_PRODUCTS_DIR)/NomiGuin.app/NomiGuin";
			};
			name = Release;
		};
		60AE7A84251C87F10065CE47 /* Debug */ = {
			isa = XCBuildConfiguration;
			baseConfigurationReference = 15E71B2CF93EBE853DCCF04E /* Pods-NomiGuinUITests.debug.xcconfig */;
			buildSettings = {
				ALWAYS_EMBED_SWIFT_STANDARD_LIBRARIES = YES;
				CODE_SIGN_STYLE = Automatic;
				DEVELOPMENT_TEAM = 7G4R772ZVB;
				INFOPLIST_FILE = NomiGuinUITests/Info.plist;
				LD_RUNPATH_SEARCH_PATHS = (
					"$(inherited)",
					"@executable_path/Frameworks",
					"@loader_path/Frameworks",
				);
				PRODUCT_BUNDLE_IDENTIFIER = com.hiroyaoooooo.NomiGuinUITests;
				PRODUCT_NAME = "$(TARGET_NAME)";
				SWIFT_VERSION = 5.0;
				TARGETED_DEVICE_FAMILY = "1,2";
				TEST_TARGET_NAME = NomiGuin;
			};
			name = Debug;
		};
		60AE7A85251C87F10065CE47 /* Release */ = {
			isa = XCBuildConfiguration;
			baseConfigurationReference = F2F486582DDFF9EEB6CCAB15 /* Pods-NomiGuinUITests.release.xcconfig */;
			buildSettings = {
				ALWAYS_EMBED_SWIFT_STANDARD_LIBRARIES = YES;
				CODE_SIGN_STYLE = Automatic;
				DEVELOPMENT_TEAM = 7G4R772ZVB;
				INFOPLIST_FILE = NomiGuinUITests/Info.plist;
				LD_RUNPATH_SEARCH_PATHS = (
					"$(inherited)",
					"@executable_path/Frameworks",
					"@loader_path/Frameworks",
				);
				PRODUCT_BUNDLE_IDENTIFIER = com.hiroyaoooooo.NomiGuinUITests;
				PRODUCT_NAME = "$(TARGET_NAME)";
				SWIFT_VERSION = 5.0;
				TARGETED_DEVICE_FAMILY = "1,2";
				TEST_TARGET_NAME = NomiGuin;
			};
			name = Release;
		};
/* End XCBuildConfiguration section */

/* Begin XCConfigurationList section */
		60AE7A4B251C87EE0065CE47 /* Build configuration list for PBXProject "NomiGuin" */ = {
			isa = XCConfigurationList;
			buildConfigurations = (
				60AE7A7B251C87F10065CE47 /* Debug */,
				60AE7A7C251C87F10065CE47 /* Release */,
			);
			defaultConfigurationIsVisible = 0;
			defaultConfigurationName = Release;
		};
		60AE7A7D251C87F10065CE47 /* Build configuration list for PBXNativeTarget "NomiGuin" */ = {
			isa = XCConfigurationList;
			buildConfigurations = (
				60AE7A7E251C87F10065CE47 /* Debug */,
				60AE7A7F251C87F10065CE47 /* Release */,
			);
			defaultConfigurationIsVisible = 0;
			defaultConfigurationName = Release;
		};
		60AE7A80251C87F10065CE47 /* Build configuration list for PBXNativeTarget "NomiGuinTests" */ = {
			isa = XCConfigurationList;
			buildConfigurations = (
				60AE7A81251C87F10065CE47 /* Debug */,
				60AE7A82251C87F10065CE47 /* Release */,
			);
			defaultConfigurationIsVisible = 0;
			defaultConfigurationName = Release;
		};
		60AE7A83251C87F10065CE47 /* Build configuration list for PBXNativeTarget "NomiGuinUITests" */ = {
			isa = XCConfigurationList;
			buildConfigurations = (
				60AE7A84251C87F10065CE47 /* Debug */,
				60AE7A85251C87F10065CE47 /* Release */,
			);
			defaultConfigurationIsVisible = 0;
			defaultConfigurationName = Release;
		};
/* End XCConfigurationList section */

/* Begin XCRemoteSwiftPackageReference section */
		D7CE79E1251DEE8500EF92E9 /* XCRemoteSwiftPackageReference "SkyFloatingLabelTextField" */ = {
			isa = XCRemoteSwiftPackageReference;
			repositoryURL = "https://github.com/Skyscanner/SkyFloatingLabelTextField";
			requirement = {
				kind = upToNextMajorVersion;
				minimumVersion = 3.8.0;
			};
		};
/* End XCRemoteSwiftPackageReference section */

/* Begin XCSwiftPackageProductDependency section */
		D7CE79E2251DEE8500EF92E9 /* SkyFloatingLabelTextField */ = {
			isa = XCSwiftPackageProductDependency;
			package = D7CE79E1251DEE8500EF92E9 /* XCRemoteSwiftPackageReference "SkyFloatingLabelTextField" */;
			productName = SkyFloatingLabelTextField;
		};
/* End XCSwiftPackageProductDependency section */

/* Begin XCVersionGroup section */
		60AE7A5C251C87EE0065CE47 /* NomiGuin.xcdatamodeld */ = {
			isa = XCVersionGroup;
			children = (
				60AE7A5D251C87EE0065CE47 /* NomiGuin.xcdatamodel */,
			);
			currentVersion = 60AE7A5D251C87EE0065CE47 /* NomiGuin.xcdatamodel */;
			path = NomiGuin.xcdatamodeld;
			sourceTree = "<group>";
			versionGroupType = wrapper.xcdatamodel;
		};
/* End XCVersionGroup section */
	};
	rootObject = 60AE7A48251C87EE0065CE47 /* Project object */;
}
