{
  "object": {
    "pins": [
      {
        "package": "SkyFloatingLabelTextField",
        "repositoryURL": "https://github.com/Skyscanner/SkyFloatingLabelTextField",
        "state": {
          "branch": null,
          "revision": "82c0bbbc4e1368901b171292c220690273460f4b",
          "version": "3.8.0"
        }
      }
    ]
  },
  "version": 1
}
